
Microsoft Visual Studio Solution File, Format Version 12.00
# Visual Studio 14
VisualStudioVersion = 14.0.25420.1
MinimumVisualStudioVersion = 10.0.40219.1
Project("{FAE04EC0-301F-11D3-BF4B-00C04F79EFBC}") = "WebPrac3Exer2", "WebPrac3Exer2\WebPrac3Exer2.csproj", "{D5890E5D-F4AE-4F99-B32F-847A8B40DDA4}"
EndProject
Global
	GlobalSection(SolutionConfigurationPlatforms) = preSolution
		Debug|Any CPU = Debug|Any CPU
		Release|Any CPU = Release|Any CPU
	EndGlobalSection
	GlobalSection(ProjectConfigurationPlatforms) = postSolution
		{D5890E5D-F4AE-4F99-B32F-847A8B40DDA4}.Debug|Any CPU.ActiveCfg = Debug|Any CPU
		{D5890E5D-F4AE-4F99-B32F-847A8B40DDA4}.Debug|Any CPU.Build.0 = Debug|Any CPU
		{D5890E5D-F4AE-4F99-B32F-847A8B40DDA4}.Release|Any CPU.ActiveCfg = Release|Any CPU
		{D5890E5D-F4AE-4F99-B32F-847A8B40DDA4}.Release|Any CPU.Build.0 = Release|Any CPU
	EndGlobalSection
	GlobalSection(SolutionProperties) = preSolution
		HideSolutionNode = FALSE
	EndGlobalSection
EndGlobal
